Microsoft Visual Studio Solution File, Format Version 12.00
# Visual Studio Version 17
VisualStudioVersion = 17.5.2.0
MinimumVisualStudioVersion = 10.0.40219.1
Project("{FAE04EC0-301F-11D3-BF4B-00C04F79EFBC}") = "psc-lista-06-2025", "psc-lista-06-2025.csproj", "{A987F1BA-4AE3-4E50-2E73-095A4324F425}"
EndProject
Global
	GlobalSection(SolutionConfigurationPlatforms) = preSolution
		Debug|Any CPU = Debug|Any CPU
		Release|Any CPU = Release|Any CPU
	EndGlobalSection
	GlobalSection(ProjectConfigurationPlatforms) = postSolution
		{A987F1BA-4AE3-4E50-2E73-095A4324F425}.Debug|Any CPU.ActiveCfg = Debug|Any CPU
		{A987F1BA-4AE3-4E50-2E73-095A4324F425}.Debug|Any CPU.Build.0 = Debug|Any CPU
		{A987F1BA-4AE3-4E50-2E73-095A4324F425}.Release|Any CPU.ActiveCfg = Release|Any CPU
		{A987F1BA-4AE3-4E50-2E73-095A4324F425}.Release|Any CPU.Build.0 = Release|Any CPU
	EndGlobalSection
	GlobalSection(SolutionProperties) = preSolution
		HideSolutionNode = FALSE
	EndGlobalSection
	GlobalSection(ExtensibilityGlobals) = postSolution
		SolutionGuid = {3EDE13E2-7CE1-4466-A122-9CCED23C3223}
	EndGlobalSection
EndGlobal
